
Microsoft Visual Studio Solution File, Format Version 10.00
# Visual Studio 2008
Project("{FAE04EC0-301F-11D3-BF4B-00C04F79EFBC}") = "Bump1_win32", "Bump1_win32\Bump1_win32.csproj", "{34F16CD1-24EB-4EF3-BBE3-C95C8CD3F549}"
EndProject
Global
	GlobalSection(SolutionConfigurationPlatforms) = preSolution
		Debug|Any CPU = Debug|Any CPU
		Release|Any CPU = Release|Any CPU
	EndGlobalSection
	GlobalSection(ProjectConfigurationPlatforms) = postSolution
		{34F16CD1-24EB-4EF3-BBE3-C95C8CD3F549}.Debug|Any CPU.ActiveCfg = Debug|Any CPU
		{34F16CD1-24EB-4EF3-BBE3-C95C8CD3F549}.Debug|Any CPU.Build.0 = Debug|Any CPU
		{34F16CD1-24EB-4EF3-BBE3-C95C8CD3F549}.Release|Any CPU.ActiveCfg = Release|Any CPU
		{34F16CD1-24EB-4EF3-BBE3-C95C8CD3F549}.Release|Any CPU.Build.0 = Release|Any CPU
	EndGlobalSection
	GlobalSection(SolutionProperties) = preSolution
		HideSolutionNode = FALSE
	EndGlobalSection
EndGlobal
